
Microsoft Visual Studio Solution File, Format Version 12.00
# Visual Studio Version 17
VisualStudioVersion = 17.5.33424.131
MinimumVisualStudioVersion = 10.0.40219.1
Project("{FAE04EC0-301F-11D3-BF4B-00C04F79EFBC}") = "Dashboard", "Dashboard.csproj", "{D26E811F-A310-400E-8EA6-037C9C33DFC6}"
EndProject
Global
	GlobalSection(SolutionConfigurationPlatforms) = preSolution
		Debug|Any CPU = Debug|Any CPU
		Release|Any CPU = Release|Any CPU
	EndGlobalSection
	GlobalSection(ProjectConfigurationPlatforms) = postSolution
		{D26E811F-A310-400E-8EA6-037C9C33DFC6}.Debug|Any CPU.ActiveCfg = Debug|Any CPU
		{D26E811F-A310-400E-8EA6-037C9C33DFC6}.Debug|Any CPU.Build.0 = Debug|Any CPU
		{D26E811F-A310-400E-8EA6-037C9C33DFC6}.Release|Any CPU.ActiveCfg = Release|Any CPU
		{D26E811F-A310-400E-8EA6-037C9C33DFC6}.Release|Any CPU.Build.0 = Release|Any CPU
	EndGlobalSection
	GlobalSection(SolutionProperties) = preSolution
		HideSolutionNode = FALSE
	EndGlobalSection
	GlobalSection(ExtensibilityGlobals) = postSolution
		SolutionGuid = {7977BD56-68D4-41C4-A235-6F1410BC5D78}
	EndGlobalSection
EndGlobal
